
Microsoft Visual Studio Solution File, Format Version 12.00
# Visual Studio Version 17
VisualStudioVersion = 17.5.33530.505
MinimumVisualStudioVersion = 10.0.40219.1
Project("{9A19103F-16F7-4668-BE54-9A1E7A4F7556}") = "BlazorEcommerce.Server", "Server\BlazorEcommerce.Server.csproj", "{6B2FF585-3CCD-4EE2-A42B-2E5B93977F6C}"
EndProject
Project("{9A19103F-16F7-4668-BE54-9A1E7A4F7556}") = "BlazorEcommerce.Client", "Client\BlazorEcommerce.Client.csproj", "{6D07DDA7-7521-4380-B34F-09F5CB1ED959}"
EndProject
Project("{9A19103F-16F7-4668-BE54-9A1E7A4F7556}") = "BlazorEcommerce.Shared", "Shared\BlazorEcommerce.Shared.csproj", "{0DC6E3E7-6D3F-4283-9AAB-A44F6CB8D32B}"
EndProject
Global
	GlobalSection(SolutionConfigurationPlatforms) = preSolution
		Debug|Any CPU = Debug|Any CPU
		Release|Any CPU = Release|Any CPU
	EndGlobalSection
	GlobalSection(ProjectConfigurationPlatforms) = postSolution
		{6B2FF585-3CCD-4EE2-A42B-2E5B93977F6C}.Debug|Any CPU.ActiveCfg = Debug|Any CPU
		{6B2FF585-3CCD-4EE2-A42B-2E5B93977F6C}.Debug|Any CPU.Build.0 = Debug|Any CPU
		{6B2FF585-3CCD-4EE2-A42B-2E5B93977F6C}.Release|Any CPU.ActiveCfg = Release|Any CPU
		{6B2FF585-3CCD-4EE2-A42B-2E5B93977F6C}.Release|Any CPU.Build.0 = Release|Any CPU
		{6D07DDA7-7521-4380-B34F-09F5CB1ED959}.Debug|Any CPU.ActiveCfg = Debug|Any CPU
		{6D07DDA7-7521-4380-B34F-09F5CB1ED959}.Debug|Any CPU.Build.0 = Debug|Any CPU
		{6D07DDA7-7521-4380-B34F-09F5CB1ED959}.Release|Any CPU.ActiveCfg = Release|Any CPU
		{6D07DDA7-7521-4380-B34F-09F5CB1ED959}.Release|Any CPU.Build.0 = Release|Any CPU
		{0DC6E3E7-6D3F-4283-9AAB-A44F6CB8D32B}.Debug|Any CPU.ActiveCfg = Debug|Any CPU
		{0DC6E3E7-6D3F-4283-9AAB-A44F6CB8D32B}.Debug|Any CPU.Build.0 = Debug|Any CPU
		{0DC6E3E7-6D3F-4283-9AAB-A44F6CB8D32B}.Release|Any CPU.ActiveCfg = Release|Any CPU
		{0DC6E3E7-6D3F-4283-9AAB-A44F6CB8D32B}.Release|Any CPU.Build.0 = Release|Any CPU
	EndGlobalSection
	GlobalSection(SolutionProperties) = preSolution
		HideSolutionNode = FALSE
	EndGlobalSection
	GlobalSection(ExtensibilityGlobals) = postSolution
		SolutionGuid = {B666C005-3916-45F6-9048-B7CD006571DB}
	EndGlobalSection
EndGlobal
